<Solution>
  <Project Path="../Assets/LiteFramework/LiteFramework.Core.csproj" />
  <Project Path="LiteFramework.Core.Tests/LiteFramework.Core.Tests.csproj" />
  <Project Path="../Assets/LiteSim/Core/LiteSim.Core.csproj" />
  <Project Path="../Assets/LiteNet/LiteNet.csproj" />
  <Project Path="../Assets/Tools/DisciplineScanner/DisciplineScanner.csproj" />
  <Project Path="../RoomServer/RoomServer.csproj" />
  <Project Path="LiteSim.Core.Tests/LiteSim.Core.Tests.csproj" />
  <Project Path="LiteNet.Tests/LiteNet.Tests.csproj" />
</Solution>
